
Microsoft Visual Studio Solution File, Format Version 12.00
# Visual Studio Version 16
VisualStudioVersion = 16.0.31911.196
MinimumVisualStudioVersion = 10.0.40219.1
Project("{9A19103F-16F7-4668-BE54-9A1E7A4F7556}") = "WebApplication", "WebApplication1\WebApplication.csproj", "{AB1DC299-6355-49C2-9247-E9AAB3AA09AE}"
EndProject
Project("{9A19103F-16F7-4668-BE54-9A1E7A4F7556}") = "BusinessLogic", "BusinessLogic\BusinessLogic.csproj", "{4C71A599-ED3E-4830-9BE0-988CBF51B9EE}"
EndProject
Global
	GlobalSection(SolutionConfigurationPlatforms) = preSolution
		Debug|Any CPU = Debug|Any CPU
		Release|Any CPU = Release|Any CPU
	EndGlobalSection
	GlobalSection(ProjectConfigurationPlatforms) = postSolution
		{AB1DC299-6355-49C2-9247-E9AAB3AA09AE}.Debug|Any CPU.ActiveCfg = Debug|Any CPU
		{AB1DC299-6355-49C2-9247-E9AAB3AA09AE}.Debug|Any CPU.Build.0 = Debug|Any CPU
		{AB1DC299-6355-49C2-9247-E9AAB3AA09AE}.Release|Any CPU.ActiveCfg = Release|Any CPU
		{AB1DC299-6355-49C2-9247-E9AAB3AA09AE}.Release|Any CPU.Build.0 = Release|Any CPU
		{4C71A599-ED3E-4830-9BE0-988CBF51B9EE}.Debug|Any CPU.ActiveCfg = Debug|Any CPU
		{4C71A599-ED3E-4830-9BE0-988CBF51B9EE}.Debug|Any CPU.Build.0 = Debug|Any CPU
		{4C71A599-ED3E-4830-9BE0-988CBF51B9EE}.Release|Any CPU.ActiveCfg = Release|Any CPU
		{4C71A599-ED3E-4830-9BE0-988CBF51B9EE}.Release|Any CPU.Build.0 = Release|Any CPU
	EndGlobalSection
	GlobalSection(SolutionProperties) = preSolution
		HideSolutionNode = FALSE
	EndGlobalSection
	GlobalSection(ExtensibilityGlobals) = postSolution
		SolutionGuid = {8E8200A4-581F-4138-AC61-1D056E772207}
	EndGlobalSection
EndGlobal
